
Microsoft Visual Studio Solution File, Format Version 12.00
# Visual Studio Version 16
VisualStudioVersion = 25.0.1704.2
MinimumVisualStudioVersion = 10.0.40219.1
Project("{FAE04EC0-301F-11D3-BF4B-00C04F79EFBC}") = "DeconstructObjects", "DeconstructObjects\DeconstructObjects.csproj", "{B8F16829-F7F7-46A1-A299-17056C1E3D63}"
EndProject
Global
	GlobalSection(SolutionConfigurationPlatforms) = preSolution
		Debug|Any CPU = Debug|Any CPU
		Release|Any CPU = Release|Any CPU
	EndGlobalSection
	GlobalSection(ProjectConfigurationPlatforms) = postSolution
		{B8F16829-F7F7-46A1-A299-17056C1E3D63}.Debug|Any CPU.ActiveCfg = Debug|Any CPU
		{B8F16829-F7F7-46A1-A299-17056C1E3D63}.Debug|Any CPU.Build.0 = Debug|Any CPU
		{B8F16829-F7F7-46A1-A299-17056C1E3D63}.Release|Any CPU.ActiveCfg = Release|Any CPU
		{B8F16829-F7F7-46A1-A299-17056C1E3D63}.Release|Any CPU.Build.0 = Release|Any CPU
	EndGlobalSection
	GlobalSection(SolutionProperties) = preSolution
		HideSolutionNode = FALSE
	EndGlobalSection
	GlobalSection(ExtensibilityGlobals) = postSolution
		SolutionGuid = {73A0F11F-2BA1-489A-B9D7-B8B0601C1B71}
	EndGlobalSection
EndGlobal
